
Microsoft Visual Studio Solution File, Format Version 10.00
# Visual Studio 2008
Project("{8BC9CEB8-8B4A-11D0-8D11-00A0C91BC942}") = "OpenIRT", "OpenIRT.vcproj", "{44CFAE08-7421-4D97-B3D0-144C5DDB7B97}"
EndProject
Global
	GlobalSection(SolutionConfigurationPlatforms) = preSolution
		Debug|Win32 = Debug|Win32
		Release|Win32 = Release|Win32
	EndGlobalSection
	GlobalSection(ProjectConfigurationPlatforms) = postSolution
		{44CFAE08-7421-4D97-B3D0-144C5DDB7B97}.Debug|Win32.ActiveCfg = Debug|Win32
		{44CFAE08-7421-4D97-B3D0-144C5DDB7B97}.Debug|Win32.Build.0 = Debug|Win32
		{44CFAE08-7421-4D97-B3D0-144C5DDB7B97}.Release|Win32.ActiveCfg = Release|Win32
		{44CFAE08-7421-4D97-B3D0-144C5DDB7B97}.Release|Win32.Build.0 = Release|Win32
	EndGlobalSection
	GlobalSection(SolutionProperties) = preSolution
		HideSolutionNode = FALSE
	EndGlobalSection
EndGlobal
